
Microsoft Visual Studio Solution File, Format Version 12.00
# Visual Studio Version 16
VisualStudioVersion = 16.0.32428.217
MinimumVisualStudioVersion = 10.0.40219.1
Project("{FAE04EC0-301F-11D3-BF4B-00C04F79EFBC}") = "day13_01", "day13_01\day13_01.csproj", "{AC9548A5-399B-4855-B3DC-469239420D20}"
EndProject
Global
	GlobalSection(SolutionConfigurationPlatforms) = preSolution
		Debug|Any CPU = Debug|Any CPU
		Release|Any CPU = Release|Any CPU
	EndGlobalSection
	GlobalSection(ProjectConfigurationPlatforms) = postSolution
		{AC9548A5-399B-4855-B3DC-469239420D20}.Debug|Any CPU.ActiveCfg = Debug|Any CPU
		{AC9548A5-399B-4855-B3DC-469239420D20}.Debug|Any CPU.Build.0 = Debug|Any CPU
		{AC9548A5-399B-4855-B3DC-469239420D20}.Release|Any CPU.ActiveCfg = Release|Any CPU
		{AC9548A5-399B-4855-B3DC-469239420D20}.Release|Any CPU.Build.0 = Release|Any CPU
	EndGlobalSection
	GlobalSection(SolutionProperties) = preSolution
		HideSolutionNode = FALSE
	EndGlobalSection
	GlobalSection(ExtensibilityGlobals) = postSolution
		SolutionGuid = {792F89E2-67EB-4B9A-ABA4-EC959A6B6063}
	EndGlobalSection
EndGlobal
